
Microsoft Visual Studio Solution File, Format Version 12.00
# Visual Studio Version 17
VisualStudioVersion = 17.6.33723.286
MinimumVisualStudioVersion = 10.0.40219.1
Project("{9A19103F-16F7-4668-BE54-9A1E7A4F7556}") = "ConsoleAlignment22juni2023", "ConsoleAlignment22juni2023\ConsoleAlignment22juni2023.csproj", "{109C29FA-B4A8-4C14-BE44-F29190080E43}"
EndProject
Project("{9A19103F-16F7-4668-BE54-9A1E7A4F7556}") = "ConsoleCasino22juni2023", "ConsoleCasino22juni2023\ConsoleCasino22juni2023.csproj", "{E84AA2F1-71B4-40D5-8FD5-A7499BA2AED4}"
EndProject
Project("{9A19103F-16F7-4668-BE54-9A1E7A4F7556}") = "ConsoleGrootste22juni2023", "ConsoleGrootste22juni2023\ConsoleGrootste22juni2023.csproj", "{FD4834CF-1968-4598-BF2D-5E6FFB770C38}"
EndProject
Project("{9A19103F-16F7-4668-BE54-9A1E7A4F7556}") = "ConsoleKwadraat22juni2023", "ConsoleKwadraat22juni2023\ConsoleKwadraat22juni2023.csproj", "{B83EAF87-5BE2-43D3-AAC4-698AF6591929}"
EndProject
Project("{9A19103F-16F7-4668-BE54-9A1E7A4F7556}") = "StaticMoverSetCursorPosition27juni2023", "StaticMoverSetCursorPosition27juni2023\StaticMoverSetCursorPosition27juni2023.csproj", "{983FB51E-FD96-4F11-A80A-0C0C00129772}"
EndProject
Project("{9A19103F-16F7-4668-BE54-9A1E7A4F7556}") = "ConsumptiePrijsIndex27juni2023", "ConsumptiePrijsIndex27juni2023\ConsumptiePrijsIndex27juni2023.csproj", "{DAFCB00E-5430-4B48-9556-7BFF3B2AC74C}"
EndProject
Project("{9A19103F-16F7-4668-BE54-9A1E7A4F7556}") = "ConsoleKleurWeerstand27juni2023", "ConsoleKleurWeerstand27juni2023\ConsoleKleurWeerstand27juni2023.csproj", "{E5F0A304-4168-490C-B5BB-26E5B969AA0C}"
EndProject
Project("{9A19103F-16F7-4668-BE54-9A1E7A4F7556}") = "ConsoleStudent27juni2023", "ConsoleStudent27juni2023\ConsoleStudent27juni2023.csproj", "{E9E123D4-1F8F-4E91-88B2-91263DFEFA04}"
EndProject
Project("{9A19103F-16F7-4668-BE54-9A1E7A4F7556}") = "SOLIDSorting1Aug2023", "SOLIDSorting1Aug2023\SOLIDSorting1Aug2023.csproj", "{3C39BE17-8064-4E0B-A218-AEDA6C90049C}"
EndProject
Project("{9A19103F-16F7-4668-BE54-9A1E7A4F7556}") = "SOLIDOppervlakteBerekenaar9Aug2023", "SOLIDOppervlakteBerekenaar9Aug2023\SOLIDOppervlakteBerekenaar9Aug2023.csproj", "{20FFA1B9-658B-4386-BDF1-7D9709EDF4AD}"
EndProject
Project("{9A19103F-16F7-4668-BE54-9A1E7A4F7556}") = "SOLIDFilterKleur9Aug2023", "SOLIDFilterKleur9Aug2023\SOLIDFilterKleur9Aug2023.csproj", "{D3055E7B-B3AA-478F-B2A8-89E18D1AE4EC}"
EndProject
Project("{9A19103F-16F7-4668-BE54-9A1E7A4F7556}") = "ConsoleStudentOrganizer15nov2023", "ConsoleStudentOrganizer15nov2023\ConsoleStudentOrganizer15nov2023.csproj", "{6256D228-18B5-466B-9900-982625BCD936}"
EndProject
Project("{9A19103F-16F7-4668-BE54-9A1E7A4F7556}") = "Education.DataAccessLayer", "Education.DataAccessLayer\Education.DataAccessLayer.csproj", "{7D23152C-B1A4-4AC1-8573-CC43822E353D}"
EndProject
Project("{9A19103F-16F7-4668-BE54-9A1E7A4F7556}") = "Education.BusinessLogicLayer", "Education.BusinessLogicLayer\Education.BusinessLogicLayer.csproj", "{54967393-709D-4B84-958F-14E3985E73D0}"
EndProject
Project("{9A19103F-16F7-4668-BE54-9A1E7A4F7556}") = "ConsolePhysicalUnits13jan2024", "ConsolePhysicalUnits13jan2024\ConsolePhysicalUnits13jan2024.csproj", "{B9845241-E517-4A94-8C46-968CB0D02E60}"
EndProject
Project("{9A19103F-16F7-4668-BE54-9A1E7A4F7556}") = "Education.Console5jan2024", "Education.Console5jan2024\Education.Console5jan2024.csproj", "{C84572BE-8501-4D6D-9B5A-20BCA3F14502}"
EndProject
Project("{9A19103F-16F7-4668-BE54-9A1E7A4F7556}") = "StaticMoverWinForms14jan2024", "StaticMoverWinForms14jan2024\StaticMoverWinForms14jan2024.csproj", "{CB9D2044-D50D-48FF-AF0E-F4D5AD5BA21A}"
EndProject
Project("{9A19103F-16F7-4668-BE54-9A1E7A4F7556}") = "ConsoleStudent27juni2023.Test6feb2024", "ConsoleStudent27juni2023.Test6feb2024\ConsoleStudent27juni2023.Test6feb2024.csproj", "{6B765637-944A-4FA7-ABAA-0B6C2201B23F}"
EndProject
Project("{9A19103F-16F7-4668-BE54-9A1E7A4F7556}") = "LibraryPhysicalUnits6feb2024", "LibraryPhysicalUnits6feb2024\LibraryPhysicalUnits6feb2024.csproj", "{F3EAEA1D-433B-4E68-AAAB-36F55FB1232B}"
EndProject
Project("{9A19103F-16F7-4668-BE54-9A1E7A4F7556}") = "LibraryPhysicalUnits6feb2024.Test", "LibraryPhysicalUnits6feb2024.Test\LibraryPhysicalUnits6feb2024.Test.csproj", "{A6AC8B89-68C3-4856-A384-8AAF06CC0668}"
EndProject
Project("{9A19103F-16F7-4668-BE54-9A1E7A4F7556}") = "LibraryPerson6feb2024", "LibraryPerson6feb2024\LibraryPerson6feb2024.csproj", "{F30F5914-7615-45AB-A131-5307CB48DA4C}"
EndProject
Project("{9A19103F-16F7-4668-BE54-9A1E7A4F7556}") = "ConsolePhysicalUnits6feb2024", "ConsolePhysicalUnits6feb2024\ConsolePhysicalUnits6feb2024.csproj", "{53038423-E1CA-47F2-B6B6-C4841659AC16}"
EndProject
Project("{9A19103F-16F7-4668-BE54-9A1E7A4F7556}") = "LibraryPerson6feb2024.Test", "LibraryPerson6feb2024.Test\LibraryPerson6feb2024.Test.csproj", "{F8B25837-3AF3-4520-979A-47CE63FC53B5}"
EndProject
Project("{9A19103F-16F7-4668-BE54-9A1E7A4F7556}") = "Education.Console5apr2024", "Education.Console5apr2024\Education.Console5apr2024.csproj", "{FCF8E577-20ED-4D44-ADB8-11D55025AD88}"
EndProject
Project("{9A19103F-16F7-4668-BE54-9A1E7A4F7556}") = "ConsoleSql15mei2024", "ConsoleSql15mei2024\ConsoleSql15mei2024.csproj", "{0DECD46C-346A-4B61-BC4B-3164DB142C23}"
EndProject
Project("{FAE04EC0-301F-11D3-BF4B-00C04F79EFBC}") = "ConsoleBeerStore9Jul2024", "ConsoleBeerStore9Jul2024\ConsoleBeerStore9Jul2024.csproj", "{2CEAA5FB-194B-4AA3-9B73-9EE35579AAA6}"
EndProject
Global
	GlobalSection(SolutionConfigurationPlatforms) = preSolution
		Debug|Any CPU = Debug|Any CPU
		Release|Any CPU = Release|Any CPU
	EndGlobalSection
	GlobalSection(ProjectConfigurationPlatforms) = postSolution
		{109C29FA-B4A8-4C14-BE44-F29190080E43}.Debug|Any CPU.ActiveCfg = Debug|Any CPU
		{109C29FA-B4A8-4C14-BE44-F29190080E43}.Debug|Any CPU.Build.0 = Debug|Any CPU
		{109C29FA-B4A8-4C14-BE44-F29190080E43}.Release|Any CPU.ActiveCfg = Release|Any CPU
		{109C29FA-B4A8-4C14-BE44-F29190080E43}.Release|Any CPU.Build.0 = Release|Any CPU
		{E84AA2F1-71B4-40D5-8FD5-A7499BA2AED4}.Debug|Any CPU.ActiveCfg = Debug|Any CPU
		{E84AA2F1-71B4-40D5-8FD5-A7499BA2AED4}.Debug|Any CPU.Build.0 = Debug|Any CPU
		{E84AA2F1-71B4-40D5-8FD5-A7499BA2AED4}.Release|Any CPU.ActiveCfg = Release|Any CPU
		{E84AA2F1-71B4-40D5-8FD5-A7499BA2AED4}.Release|Any CPU.Build.0 = Release|Any CPU
		{FD4834CF-1968-4598-BF2D-5E6FFB770C38}.Debug|Any CPU.ActiveCfg = Debug|Any CPU
		{FD4834CF-1968-4598-BF2D-5E6FFB770C38}.Debug|Any CPU.Build.0 = Debug|Any CPU
		{FD4834CF-1968-4598-BF2D-5E6FFB770C38}.Release|Any CPU.ActiveCfg = Release|Any CPU
		{FD4834CF-1968-4598-BF2D-5E6FFB770C38}.Release|Any CPU.Build.0 = Release|Any CPU
		{B83EAF87-5BE2-43D3-AAC4-698AF6591929}.Debug|Any CPU.ActiveCfg = Debug|Any CPU
		{B83EAF87-5BE2-43D3-AAC4-698AF6591929}.Debug|Any CPU.Build.0 = Debug|Any CPU
		{B83EAF87-5BE2-43D3-AAC4-698AF6591929}.Release|Any CPU.ActiveCfg = Release|Any CPU
		{B83EAF87-5BE2-43D3-AAC4-698AF6591929}.Release|Any CPU.Build.0 = Release|Any CPU
		{983FB51E-FD96-4F11-A80A-0C0C00129772}.Debug|Any CPU.ActiveCfg = Debug|Any CPU
		{983FB51E-FD96-4F11-A80A-0C0C00129772}.Debug|Any CPU.Build.0 = Debug|Any CPU
		{983FB51E-FD96-4F11-A80A-0C0C00129772}.Release|Any CPU.ActiveCfg = Release|Any CPU
		{983FB51E-FD96-4F11-A80A-0C0C00129772}.Release|Any CPU.Build.0 = Release|Any CPU
		{DAFCB00E-5430-4B48-9556-7BFF3B2AC74C}.Debug|Any CPU.ActiveCfg = Debug|Any CPU
		{DAFCB00E-5430-4B48-9556-7BFF3B2AC74C}.Debug|Any CPU.Build.0 = Debug|Any CPU
		{DAFCB00E-5430-4B48-9556-7BFF3B2AC74C}.Release|Any CPU.ActiveCfg = Release|Any CPU
		{DAFCB00E-5430-4B48-9556-7BFF3B2AC74C}.Release|Any CPU.Build.0 = Release|Any CPU
		{E5F0A304-4168-490C-B5BB-26E5B969AA0C}.Debug|Any CPU.ActiveCfg = Debug|Any CPU
		{E5F0A304-4168-490C-B5BB-26E5B969AA0C}.Debug|Any CPU.Build.0 = Debug|Any CPU
		{E5F0A304-4168-490C-B5BB-26E5B969AA0C}.Release|Any CPU.ActiveCfg = Release|Any CPU
		{E5F0A304-4168-490C-B5BB-26E5B969AA0C}.Release|Any CPU.Build.0 = Release|Any CPU
		{E9E123D4-1F8F-4E91-88B2-91263DFEFA04}.Debug|Any CPU.ActiveCfg = Debug|Any CPU
		{E9E123D4-1F8F-4E91-88B2-91263DFEFA04}.Debug|Any CPU.Build.0 = Debug|Any CPU
		{E9E123D4-1F8F-4E91-88B2-91263DFEFA04}.Release|Any CPU.ActiveCfg = Release|Any CPU
		{E9E123D4-1F8F-4E91-88B2-91263DFEFA04}.Release|Any CPU.Build.0 = Release|Any CPU
		{3C39BE17-8064-4E0B-A218-AEDA6C90049C}.Debug|Any CPU.ActiveCfg = Debug|Any CPU
		{3C39BE17-8064-4E0B-A218-AEDA6C90049C}.Debug|Any CPU.Build.0 = Debug|Any CPU
		{3C39BE17-8064-4E0B-A218-AEDA6C90049C}.Release|Any CPU.ActiveCfg = Release|Any CPU
		{3C39BE17-8064-4E0B-A218-AEDA6C90049C}.Release|Any CPU.Build.0 = Release|Any CPU
		{20FFA1B9-658B-4386-BDF1-7D9709EDF4AD}.Debug|Any CPU.ActiveCfg = Debug|Any CPU
		{20FFA1B9-658B-4386-BDF1-7D9709EDF4AD}.Debug|Any CPU.Build.0 = Debug|Any CPU
		{20FFA1B9-658B-4386-BDF1-7D9709EDF4AD}.Release|Any CPU.ActiveCfg = Release|Any CPU
		{20FFA1B9-658B-4386-BDF1-7D9709EDF4AD}.Release|Any CPU.Build.0 = Release|Any CPU
		{D3055E7B-B3AA-478F-B2A8-89E18D1AE4EC}.Debug|Any CPU.ActiveCfg = Debug|Any CPU
		{D3055E7B-B3AA-478F-B2A8-89E18D1AE4EC}.Debug|Any CPU.Build.0 = Debug|Any CPU
		{D3055E7B-B3AA-478F-B2A8-89E18D1AE4EC}.Release|Any CPU.ActiveCfg = Release|Any CPU
		{D3055E7B-B3AA-478F-B2A8-89E18D1AE4EC}.Release|Any CPU.Build.0 = Release|Any CPU
		{6256D228-18B5-466B-9900-982625BCD936}.Debug|Any CPU.ActiveCfg = Debug|Any CPU
		{6256D228-18B5-466B-9900-982625BCD936}.Debug|Any CPU.Build.0 = Debug|Any CPU
		{6256D228-18B5-466B-9900-982625BCD936}.Release|Any CPU.ActiveCfg = Release|Any CPU
		{6256D228-18B5-466B-9900-982625BCD936}.Release|Any CPU.Build.0 = Release|Any CPU
		{7D23152C-B1A4-4AC1-8573-CC43822E353D}.Debug|Any CPU.ActiveCfg = Debug|Any CPU
		{7D23152C-B1A4-4AC1-8573-CC43822E353D}.Debug|Any CPU.Build.0 = Debug|Any CPU
		{7D23152C-B1A4-4AC1-8573-CC43822E353D}.Release|Any CPU.ActiveCfg = Release|Any CPU
		{7D23152C-B1A4-4AC1-8573-CC43822E353D}.Release|Any CPU.Build.0 = Release|Any CPU
		{54967393-709D-4B84-958F-14E3985E73D0}.Debug|Any CPU.ActiveCfg = Debug|Any CPU
		{54967393-709D-4B84-958F-14E3985E73D0}.Debug|Any CPU.Build.0 = Debug|Any CPU
		{54967393-709D-4B84-958F-14E3985E73D0}.Release|Any CPU.ActiveCfg = Release|Any CPU
		{54967393-709D-4B84-958F-14E3985E73D0}.Release|Any CPU.Build.0 = Release|Any CPU
		{B9845241-E517-4A94-8C46-968CB0D02E60}.Debug|Any CPU.ActiveCfg = Debug|Any CPU
		{B9845241-E517-4A94-8C46-968CB0D02E60}.Debug|Any CPU.Build.0 = Debug|Any CPU
		{B9845241-E517-4A94-8C46-968CB0D02E60}.Release|Any CPU.ActiveCfg = Release|Any CPU
		{B9845241-E517-4A94-8C46-968CB0D02E60}.Release|Any CPU.Build.0 = Release|Any CPU
		{C84572BE-8501-4D6D-9B5A-20BCA3F14502}.Debug|Any CPU.ActiveCfg = Debug|Any CPU
		{C84572BE-8501-4D6D-9B5A-20BCA3F14502}.Debug|Any CPU.Build.0 = Debug|Any CPU
		{C84572BE-8501-4D6D-9B5A-20BCA3F14502}.Release|Any CPU.ActiveCfg = Release|Any CPU
		{C84572BE-8501-4D6D-9B5A-20BCA3F14502}.Release|Any CPU.Build.0 = Release|Any CPU
		{CB9D2044-D50D-48FF-AF0E-F4D5AD5BA21A}.Debug|Any CPU.ActiveCfg = Debug|Any CPU
		{CB9D2044-D50D-48FF-AF0E-F4D5AD5BA21A}.Debug|Any CPU.Build.0 = Debug|Any CPU
		{CB9D2044-D50D-48FF-AF0E-F4D5AD5BA21A}.Release|Any CPU.ActiveCfg = Release|Any CPU
		{CB9D2044-D50D-48FF-AF0E-F4D5AD5BA21A}.Release|Any CPU.Build.0 = Release|Any CPU
		{6B765637-944A-4FA7-ABAA-0B6C2201B23F}.Debug|Any CPU.ActiveCfg = Debug|Any CPU
		{6B765637-944A-4FA7-ABAA-0B6C2201B23F}.Debug|Any CPU.Build.0 = Debug|Any CPU
		{6B765637-944A-4FA7-ABAA-0B6C2201B23F}.Release|Any CPU.ActiveCfg = Release|Any CPU
		{6B765637-944A-4FA7-ABAA-0B6C2201B23F}.Release|Any CPU.Build.0 = Release|Any CPU
		{F3EAEA1D-433B-4E68-AAAB-36F55FB1232B}.Debug|Any CPU.ActiveCfg = Debug|Any CPU
		{F3EAEA1D-433B-4E68-AAAB-36F55FB1232B}.Debug|Any CPU.Build.0 = Debug|Any CPU
		{F3EAEA1D-433B-4E68-AAAB-36F55FB1232B}.Release|Any CPU.ActiveCfg = Release|Any CPU
		{F3EAEA1D-433B-4E68-AAAB-36F55FB1232B}.Release|Any CPU.Build.0 = Release|Any CPU
		{A6AC8B89-68C3-4856-A384-8AAF06CC0668}.Debug|Any CPU.ActiveCfg = Debug|Any CPU
		{A6AC8B89-68C3-4856-A384-8AAF06CC0668}.Debug|Any CPU.Build.0 = Debug|Any CPU
		{A6AC8B89-68C3-4856-A384-8AAF06CC0668}.Release|Any CPU.ActiveCfg = Release|Any CPU
		{A6AC8B89-68C3-4856-A384-8AAF06CC0668}.Release|Any CPU.Build.0 = Release|Any CPU
		{F30F5914-7615-45AB-A131-5307CB48DA4C}.Debug|Any CPU.ActiveCfg = Debug|Any CPU
		{F30F5914-7615-45AB-A131-5307CB48DA4C}.Debug|Any CPU.Build.0 = Debug|Any CPU
		{F30F5914-7615-45AB-A131-5307CB48DA4C}.Release|Any CPU.ActiveCfg = Release|Any CPU
		{F30F5914-7615-45AB-A131-5307CB48DA4C}.Release|Any CPU.Build.0 = Release|Any CPU
		{53038423-E1CA-47F2-B6B6-C4841659AC16}.Debug|Any CPU.ActiveCfg = Debug|Any CPU
		{53038423-E1CA-47F2-B6B6-C4841659AC16}.Debug|Any CPU.Build.0 = Debug|Any CPU
		{53038423-E1CA-47F2-B6B6-C4841659AC16}.Release|Any CPU.ActiveCfg = Release|Any CPU
		{53038423-E1CA-47F2-B6B6-C4841659AC16}.Release|Any CPU.Build.0 = Release|Any CPU
		{F8B25837-3AF3-4520-979A-47CE63FC53B5}.Debug|Any CPU.ActiveCfg = Debug|Any CPU
		{F8B25837-3AF3-4520-979A-47CE63FC53B5}.Debug|Any CPU.Build.0 = Debug|Any CPU
		{F8B25837-3AF3-4520-979A-47CE63FC53B5}.Release|Any CPU.ActiveCfg = Release|Any CPU
		{F8B25837-3AF3-4520-979A-47CE63FC53B5}.Release|Any CPU.Build.0 = Release|Any CPU
		{FCF8E577-20ED-4D44-ADB8-11D55025AD88}.Debug|Any CPU.ActiveCfg = Debug|Any CPU
		{FCF8E577-20ED-4D44-ADB8-11D55025AD88}.Debug|Any CPU.Build.0 = Debug|Any CPU
		{FCF8E577-20ED-4D44-ADB8-11D55025AD88}.Release|Any CPU.ActiveCfg = Release|Any CPU
		{FCF8E577-20ED-4D44-ADB8-11D55025AD88}.Release|Any CPU.Build.0 = Release|Any CPU
		{0DECD46C-346A-4B61-BC4B-3164DB142C23}.Debug|Any CPU.ActiveCfg = Debug|Any CPU
		{0DECD46C-346A-4B61-BC4B-3164DB142C23}.Debug|Any CPU.Build.0 = Debug|Any CPU
		{0DECD46C-346A-4B61-BC4B-3164DB142C23}.Release|Any CPU.ActiveCfg = Release|Any CPU
		{0DECD46C-346A-4B61-BC4B-3164DB142C23}.Release|Any CPU.Build.0 = Release|Any CPU
		{2CEAA5FB-194B-4AA3-9B73-9EE35579AAA6}.Debug|Any CPU.ActiveCfg = Debug|Any CPU
		{2CEAA5FB-194B-4AA3-9B73-9EE35579AAA6}.Debug|Any CPU.Build.0 = Debug|Any CPU
		{2CEAA5FB-194B-4AA3-9B73-9EE35579AAA6}.Release|Any CPU.ActiveCfg = Release|Any CPU
		{2CEAA5FB-194B-4AA3-9B73-9EE35579AAA6}.Release|Any CPU.Build.0 = Release|Any CPU
	EndGlobalSection
	GlobalSection(SolutionProperties) = preSolution
		HideSolutionNode = FALSE
	EndGlobalSection
	GlobalSection(ExtensibilityGlobals) = postSolution
		SolutionGuid = {E7A873C3-8937-4BD3-BDB0-1B5C686F7F32}
	EndGlobalSection
EndGlobal
